// !$*UTF8*$!
{
	archiveVersion = 1;
	classes = {
	};
	objectVersion = 52;
	objects = {

/* Begin PBXBuildFile section */
		BE46EFD523CD1243002E9E8F /* AppDelegate.swift in Sources */ = {isa = PBXBuildFile; fileRef = BE46EFD423CD1243002E9E8F /* AppDelegate.swift */; };
		BE46EFD723CD1243002E9E8F /* SceneDelegate.swift in Sources */ = {isa = PBXBuildFile; fileRef = BE46EFD623CD1243002E9E8F /* SceneDelegate.swift */; };
		BE46EFD923CD1243002E9E8F /* ViewController.swift in Sources */ = {isa = PBXBuildFile; fileRef = BE46EFD823CD1243002E9E8F /* ViewController.swift */; };
		BE46EFDC23CD1243002E9E8F /* Main.storyboard in Resources */ = {isa = PBXBuildFile; fileRef = BE46EFDA23CD1243002E9E8F /* Main.storyboard */; };
		BE46EFDE23CD1247002E9E8F /* Assets.xcassets in Resources */ = {isa = PBXBuildFile; fileRef = BE46EFDD23CD1247002E9E8F /* Assets.xcassets */; };
		BE46EFE123CD1247002E9E8F /* LaunchScreen.storyboard in Resources */ = {isa = PBXBuildFile; fileRef = BE46EFDF23CD1247002E9E8F /* LaunchScreen.storyboard */; };
		BE46EFEA23CD12A9002E9E8F /* NetworkHelper in Frameworks */ = {isa = PBXBuildFile; productRef = BE46EFE923CD12A9002E9E8F /* NetworkHelper */; };
		BE46EFEC23CD1590002E9E8F /* APIClient.swift in Sources */ = {isa = PBXBuildFile; fileRef = BE46EFEB23CD1590002E9E8F /* APIClient.swift */; };
		BE46EFEE23CD1632002E9E8F /* Horoscopes.swift in Sources */ = {isa = PBXBuildFile; fileRef = BE46EFED23CD1632002E9E8F /* Horoscopes.swift */; };
		BE46EFF023CD2FA4002E9E8F /* HoroscopeVC.swift in Sources */ = {isa = PBXBuildFile; fileRef = BE46EFEF23CD2FA4002E9E8F /* HoroscopeVC.swift */; };
		BE46EFF223CD398A002E9E8F /* User Settings.swift in Sources */ = {isa = PBXBuildFile; fileRef = BE46EFF123CD398A002E9E8F /* User Settings.swift */; };
/* End PBXBuildFile section */

/* Begin PBXFileReference section */
		BE46EFD123CD1243002E9E8F /* HoroscopeProject.app */ = {isa = PBXFileReference; explicitFileType = wrapper.application; includeInIndex = 0; path = HoroscopeProject.app; sourceTree = BUILT_PRODUCTS_DIR; };
		BE46EFD423CD1243002E9E8F /* AppDelegate.swift */ = {isa = PBXFileReference; lastKnownFileType = sourcecode.swift; path = AppDelegate.swift; sourceTree = "<group>"; };
		BE46EFD623CD1243002E9E8F /* SceneDelegate.swift */ = {isa = PBXFileReference; lastKnownFileType = sourcecode.swift; path = SceneDelegate.swift; sourceTree = "<group>"; };
		BE46EFD823CD1243002E9E8F /* ViewController.swift */ = {isa = PBXFileReference; lastKnownFileType = sourcecode.swift; path = ViewController.swift; sourceTree = "<group>"; };
		BE46EFDB23CD1243002E9E8F /* Base */ = {isa = PBXFileReference; lastKnownFileType = file.storyboard; name = Base; path = Base.lproj/Main.storyboard; sourceTree = "<group>"; };
		BE46EFDD23CD1247002E9E8F /* Assets.xcassets */ = {isa = PBXFileReference; lastKnownFileType = folder.assetcatalog; path = Assets.xcassets; sourceTree = "<group>"; };
		BE46EFE023CD1247002E9E8F /* Base */ = {isa = PBXFileReference; lastKnownFileType = file.storyboard; name = Base; path = Base.lproj/LaunchScreen.storyboard; sourceTree = "<group>"; };
		BE46EFE223CD1247002E9E8F /* Info.plist */ = {isa = PBXFileReference; lastKnownFileType = text.plist.xml; path = Info.plist; sourceTree = "<group>"; };
		BE46EFEB23CD1590002E9E8F /* APIClient.swift */ = {isa = PBXFileReference; lastKnownFileType = sourcecode.swift; path = APIClient.swift; sourceTree = "<group>"; };
		BE46EFED23CD1632002E9E8F /* Horoscopes.swift */ = {isa = PBXFileReference; lastKnownFileType = sourcecode.swift; path = Horoscopes.swift; sourceTree = "<group>"; };
		BE46EFEF23CD2FA4002E9E8F /* HoroscopeVC.swift */ = {isa = PBXFileReference; lastKnownFileType = sourcecode.swift; path = HoroscopeVC.swift; sourceTree = "<group>"; };
		BE46EFF123CD398A002E9E8F /* User Settings.swift */ = {isa = PBXFileReference; lastKnownFileType = sourcecode.swift; path = "User Settings.swift"; sourceTree = "<group>"; };
/* End PBXFileReference section */

/* Begin PBXFrameworksBuildPhase section */
		BE46EFCE23CD1243002E9E8F /* Frameworks */ = {
			isa = PBXFrameworksBuildPhase;
			buildActionMask = 2147483647;
			files = (
				BE46EFEA23CD12A9002E9E8F /* NetworkHelper in Frameworks */,
			);
			runOnlyForDeploymentPostprocessing = 0;
		};
/* End PBXFrameworksBuildPhase section */

/* Begin PBXGroup section */
		BE46EFC823CD1243002E9E8F = {
			isa = PBXGroup;
			children = (
				BE46EFD323CD1243002E9E8F /* HoroscopeProject */,
				BE46EFD223CD1243002E9E8F /* Products */,
			);
			sourceTree = "<group>";
		};
		BE46EFD223CD1243002E9E8F /* Products */ = {
			isa = PBXGroup;
			children = (
				BE46EFD123CD1243002E9E8F /* HoroscopeProject.app */,
			);
			name = Products;
			sourceTree = "<group>";
		};
		BE46EFD323CD1243002E9E8F /* HoroscopeProject */ = {
			isa = PBXGroup;
			children = (
				BE46EFD423CD1243002E9E8F /* AppDelegate.swift */,
				BE46EFD623CD1243002E9E8F /* SceneDelegate.swift */,
				BE46EFD823CD1243002E9E8F /* ViewController.swift */,
				BE46EFED23CD1632002E9E8F /* Horoscopes.swift */,
				BE46EFEF23CD2FA4002E9E8F /* HoroscopeVC.swift */,
				BE46EFEB23CD1590002E9E8F /* APIClient.swift */,
				BE46EFF123CD398A002E9E8F /* User Settings.swift */,
				BE46EFDA23CD1243002E9E8F /* Main.storyboard */,
				BE46EFDD23CD1247002E9E8F /* Assets.xcassets */,
				BE46EFDF23CD1247002E9E8F /* LaunchScreen.storyboard */,
				BE46EFE223CD1247002E9E8F /* Info.plist */,
			);
			path = HoroscopeProject;
			sourceTree = "<group>";
		};
/* End PBXGroup section */

/* Begin PBXNativeTarget section */
		BE46EFD023CD1243002E9E8F /* HoroscopeProject */ = {
			isa = PBXNativeTarget;
			buildConfigurationList = BE46EFE523CD1247002E9E8F /* Build configuration list for PBXNativeTarget "HoroscopeProject" */;
			buildPhases = (
				BE46EFCD23CD1243002E9E8F /* Sources */,
				BE46EFCE23CD1243002E9E8F /* Frameworks */,
				BE46EFCF23CD1243002E9E8F /* Resources */,
			);
			buildRules = (
			);
			dependencies = (
			);
			name = HoroscopeProject;
			packageProductDependencies = (
				BE46EFE923CD12A9002E9E8F /* NetworkHelper */,
			);
			productName = HoroscopeProject;
			productReference = BE46EFD123CD1243002E9E8F /* HoroscopeProject.app */;
			productType = "com.apple.product-type.application";
		};
/* End PBXNativeTarget section */

/* Begin PBXProject section */
		BE46EFC923CD1243002E9E8F /* Project object */ = {
			isa = PBXProject;
			attributes = {
				LastSwiftUpdateCheck = 1100;
				LastUpgradeCheck = 1100;
				ORGANIZATIONNAME = "Oscar Victoria Gonzalez ";
				TargetAttributes = {
					BE46EFD023CD1243002E9E8F = {
						CreatedOnToolsVersion = 11.0;
					};
				};
			};
			buildConfigurationList = BE46EFCC23CD1243002E9E8F /* Build configuration list for PBXProject "HoroscopeProject" */;
			compatibilityVersion = "Xcode 9.3";
			developmentRegion = en;
			hasScannedForEncodings = 0;
			knownRegions = (
				en,
				Base,
			);
			mainGroup = BE46EFC823CD1243002E9E8F;
			packageReferences = (
				BE46EFE823CD12A9002E9E8F /* XCRemoteSwiftPackageReference "NetworkHelperSPM" */,
			);
			productRefGroup = BE46EFD223CD1243002E9E8F /* Products */;
			projectDirPath = "";
			projectRoot = "";
			targets = (
				BE46EFD023CD1243002E9E8F /* HoroscopeProject */,
			);
		};
/* End PBXProject section */

/* Begin PBXResourcesBuildPhase section */
		BE46EFCF23CD1243002E9E8F /* Resources */ = {
			isa = PBXResourcesBuildPhase;
			buildActionMask = 2147483647;
			files = (
				BE46EFE123CD1247002E9E8F /* LaunchScreen.storyboard in Resources */,
				BE46EFDE23CD1247002E9E8F /* Assets.xcassets in Resources */,
				BE46EFDC23CD1243002E9E8F /* Main.storyboard in Resources */,
			);
			runOnlyForDeploymentPostprocessing = 0;
		};
/* End PBXResourcesBuildPhase section */

/* Begin PBXSourcesBuildPhase section */
		BE46EFCD23CD1243002E9E8F /* Sources */ = {
			isa = PBXSourcesBuildPhase;
			buildActionMask = 2147483647;
			files = (
				BE46EFD923CD1243002E9E8F /* ViewController.swift in Sources */,
				BE46EFF023CD2FA4002E9E8F /* HoroscopeVC.swift in Sources */,
				BE46EFD523CD1243002E9E8F /* AppDelegate.swift in Sources */,
				BE46EFF223CD398A002E9E8F /* User Settings.swift in Sources */,
				BE46EFD723CD1243002E9E8F /* SceneDelegate.swift in Sources */,
				BE46EFEC23CD1590002E9E8F /* APIClient.swift in Sources */,
				BE46EFEE23CD1632002E9E8F /* Horoscopes.swift in Sources */,
			);
			runOnlyForDeploymentPostprocessing = 0;
		};
/* End PBXSourcesBuildPhase section */

/* Begin PBXVariantGroup section */
		BE46EFDA23CD1243002E9E8F /* Main.storyboard */ = {
			isa = PBXVariantGroup;
			children = (
				BE46EFDB23CD1243002E9E8F /* Base */,
			);
			name = Main.storyboard;
			sourceTree = "<group>";
		};
		BE46EFDF23CD1247002E9E8F /* LaunchScreen.storyboard */ = {
			isa = PBXVariantGroup;
			children = (
				BE46EFE023CD1247002E9E8F /* Base */,
			);
			name = LaunchScreen.storyboard;
			sourceTree = "<group>";
		};
/* End PBXVariantGroup section */

/* Begin XCBuildConfiguration section */
		BE46EFE323CD1247002E9E8F /* Debug */ = {
			isa = XCBuildConfiguration;
			buildSettings = {
				ALWAYS_SEARCH_USER_PATHS = NO;
				CLANG_ANALYZER_NONNULL = YES;
				CLANG_ANALYZER_NUMBER_OBJECT_CONVERSION = YES_AGGRESSIVE;
				CLANG_CXX_LANGUAGE_STANDARD = "gnu++14";
				CLANG_CXX_LIBRARY = "libc++";
				CLANG_ENABLE_MODULES = YES;
				CLANG_ENABLE_OBJC_ARC = YES;
				CLANG_ENABLE_OBJC_WEAK = YES;
				CLANG_WARN_BLOCK_CAPTURE_AUTORELEASING = YES;
				CLANG_WARN_BOOL_CONVERSION = YES;
				CLANG_WARN_COMMA = YES;
				CLANG_WARN_CONSTANT_CONVERSION = YES;
				CLANG_WARN_DEPRECATED_OBJC_IMPLEMENTATIONS = YES;
				CLANG_WARN_DIRECT_OBJC_ISA_USAGE = YES_ERROR;
				CLANG_WARN_DOCUMENTATION_COMMENTS = YES;
				CLANG_WARN_EMPTY_BODY = YES;
				CLANG_WARN_ENUM_CONVERSION = YES;
				CLANG_WARN_INFINITE_RECURSION = YES;
				CLANG_WARN_INT_CONVERSION = YES;
				CLANG_WARN_NON_LITERAL_NULL_CONVERSION = YES;
				CLANG_WARN_OBJC_IMPLICIT_RETAIN_SELF = YES;
				CLANG_WARN_OBJC_LITERAL_CONVERSION = YES;
				CLANG_WARN_OBJC_ROOT_CLASS = YES_ERROR;
				CLANG_WARN_RANGE_LOOP_ANALYSIS = YES;
				CLANG_WARN_STRICT_PROTOTYPES = YES;
				CLANG_WARN_SUSPICIOUS_MOVE = YES;
				CLANG_WARN_UNGUARDED_AVAILABILITY = YES_AGGRESSIVE;
				CLANG_WARN_UNREACHABLE_CODE = YES;
				CLANG_WARN__DUPLICATE_METHOD_MATCH = YES;
				COPY_PHASE_STRIP = NO;
				DEBUG_INFORMATION_FORMAT = dwarf;
				ENABLE_STRICT_OBJC_MSGSEND = YES;
				ENABLE_TESTABILITY = YES;
				GCC_C_LANGUAGE_STANDARD = gnu11;
				GCC_DYNAMIC_NO_PIC = NO;
				GCC_NO_COMMON_BLOCKS = YES;
				GCC_OPTIMIZATION_LEVEL = 0;
				GCC_PREPROCESSOR_DEFINITIONS = (
					"DEBUG=1",
					"$(inherited)",
				);
				GCC_WARN_64_TO_32_BIT_CONVERSION = YES;
				GCC_WARN_ABOUT_RETURN_TYPE = YES_ERROR;
				GCC_WARN_UNDECLARED_SELECTOR = YES;
				GCC_WARN_UNINITIALIZED_AUTOS = YES_AGGRESSIVE;
				GCC_WARN_UNUSED_FUNCTION = YES;
				GCC_WARN_UNUSED_VARIABLE = YES;
				IPHONEOS_DEPLOYMENT_TARGET = 13.0;
				MTL_ENABLE_DEBUG_INFO = INCLUDE_SOURCE;
				MTL_FAST_MATH = YES;
				ONLY_ACTIVE_ARCH = YES;
				SDKROOT = iphoneos;
				SWIFT_ACTIVE_COMPILATION_CONDITIONS = DEBUG;
				SWIFT_OPTIMIZATION_LEVEL = "-Onone";
			};
			name = Debug;
		};
		BE46EFE423CD1247002E9E8F /* Release */ = {
			isa = XCBuildConfiguration;
			buildSettings = {
				ALWAYS_SEARCH_USER_PATHS = NO;
				CLANG_ANALYZER_NONNULL = YES;
				CLANG_ANALYZER_NUMBER_OBJECT_CONVERSION = YES_AGGRESSIVE;
				CLANG_CXX_LANGUAGE_STANDARD = "gnu++14";
				CLANG_CXX_LIBRARY = "libc++";
				CLANG_ENABLE_MODULES = YES;
				CLANG_ENABLE_OBJC_ARC = YES;
				CLANG_ENABLE_OBJC_WEAK = YES;
				CLANG_WARN_BLOCK_CAPTURE_AUTORELEASING = YES;
				CLANG_WARN_BOOL_CONVERSION = YES;
				CLANG_WARN_COMMA = YES;
				CLANG_WARN_CONSTANT_CONVERSION = YES;
				CLANG_WARN_DEPRECATED_OBJC_IMPLEMENTATIONS = YES;
				CLANG_WARN_DIRECT_OBJC_ISA_USAGE = YES_ERROR;
				CLANG_WARN_DOCUMENTATION_COMMENTS = YES;
				CLANG_WARN_EMPTY_BODY = YES;
				CLANG_WARN_ENUM_CONVERSION = YES;
				CLANG_WARN_INFINITE_RECURSION = YES;
				CLANG_WARN_INT_CONVERSION = YES;
				CLANG_WARN_NON_LITERAL_NULL_CONVERSION = YES;
				CLANG_WARN_OBJC_IMPLICIT_RETAIN_SELF = YES;
				CLANG_WARN_OBJC_LITERAL_CONVERSION = YES;
				CLANG_WARN_OBJC_ROOT_CLASS = YES_ERROR;
				CLANG_WARN_RANGE_LOOP_ANALYSIS = YES;
				CLANG_WARN_STRICT_PROTOTYPES = YES;
				CLANG_WARN_SUSPICIOUS_MOVE = YES;
				CLANG_WARN_UNGUARDED_AVAILABILITY = YES_AGGRESSIVE;
				CLANG_WARN_UNREACHABLE_CODE = YES;
				CLANG_WARN__DUPLICATE_METHOD_MATCH = YES;
				COPY_PHASE_STRIP = NO;
				DEBUG_INFORMATION_FORMAT = "dwarf-with-dsym";
				ENABLE_NS_ASSERTIONS = NO;
				ENABLE_STRICT_OBJC_MSGSEND = YES;
				GCC_C_LANGUAGE_STANDARD = gnu11;
				GCC_NO_COMMON_BLOCKS = YES;
				GCC_WARN_64_TO_32_BIT_CONVERSION = YES;
				GCC_WARN_ABOUT_RETURN_TYPE = YES_ERROR;
				GCC_WARN_UNDECLARED_SELECTOR = YES;
				GCC_WARN_UNINITIALIZED_AUTOS = YES_AGGRESSIVE;
				GCC_WARN_UNUSED_FUNCTION = YES;
				GCC_WARN_UNUSED_VARIABLE = YES;
				IPHONEOS_DEPLOYMENT_TARGET = 13.0;
				MTL_ENABLE_DEBUG_INFO = NO;
				MTL_FAST_MATH = YES;
				SDKROOT = iphoneos;
				SWIFT_COMPILATION_MODE = wholemodule;
				SWIFT_OPTIMIZATION_LEVEL = "-O";
				VALIDATE_PRODUCT = YES;
			};
			name = Release;
		};
		BE46EFE623CD1247002E9E8F /* Debug */ = {
			isa = XCBuildConfiguration;
			buildSettings = {
				ASSETCATALOG_COMPILER_APPICON_NAME = AppIcon;
				CODE_SIGN_STYLE = Automatic;
				DEVELOPMENT_TEAM = S55722VFBC;
				INFOPLIST_FILE = HoroscopeProject/Info.plist;
				LD_RUNPATH_SEARCH_PATHS = (
					"$(inherited)",
					"@executable_path/Frameworks",
				);
				PRODUCT_BUNDLE_IDENTIFIER = oscarvictoria.HoroscopeProject;
				PRODUCT_NAME = "$(TARGET_NAME)";
				SWIFT_VERSION = 5.0;
				TARGETED_DEVICE_FAMILY = "1,2";
			};
			name = Debug;
		};
		BE46EFE723CD1247002E9E8F /* Release */ = {
			isa = XCBuildConfiguration;
			buildSettings = {
				ASSETCATALOG_COMPILER_APPICON_NAME = AppIcon;
				CODE_SIGN_STYLE = Automatic;
				DEVELOPMENT_TEAM = S55722VFBC;
				INFOPLIST_FILE = HoroscopeProject/Info.plist;
				LD_RUNPATH_SEARCH_PATHS = (
					"$(inherited)",
					"@executable_path/Frameworks",
				);
				PRODUCT_BUNDLE_IDENTIFIER = oscarvictoria.HoroscopeProject;
				PRODUCT_NAME = "$(TARGET_NAME)";
				SWIFT_VERSION = 5.0;
				TARGETED_DEVICE_FAMILY = "1,2";
			};
			name = Release;
		};
/* End XCBuildConfiguration section */

/* Begin XCConfigurationList section */
		BE46EFCC23CD1243002E9E8F /* Build configuration list for PBXProject "HoroscopeProject" */ = {
			isa = XCConfigurationList;
			buildConfigurations = (
				BE46EFE323CD1247002E9E8F /* Debug */,
				BE46EFE423CD1247002E9E8F /* Release */,
			);
			defaultConfigurationIsVisible = 0;
			defaultConfigurationName = Release;
		};
		BE46EFE523CD1247002E9E8F /* Build configuration list for PBXNativeTarget "HoroscopeProject" */ = {
			isa = XCConfigurationList;
			buildConfigurations = (
				BE46EFE623CD1247002E9E8F /* Debug */,
				BE46EFE723CD1247002E9E8F /* Release */,
			);
			defaultConfigurationIsVisible = 0;
			defaultConfigurationName = Release;
		};
/* End XCConfigurationList section */

/* Begin XCRemoteSwiftPackageReference section */
		BE46EFE823CD12A9002E9E8F /* XCRemoteSwiftPackageReference "NetworkHelperSPM" */ = {
			isa = XCRemoteSwiftPackageReference;
			repositoryURL = "https://github.com/alexpaul/NetworkHelperSPM";
			requirement = {
				kind = upToNextMajorVersion;
				minimumVersion = 1.0.6;
			};
		};
/* End XCRemoteSwiftPackageReference section */

/* Begin XCSwiftPackageProductDependency section */
		BE46EFE923CD12A9002E9E8F /* NetworkHelper */ = {
			isa = XCSwiftPackageProductDependency;
			package = BE46EFE823CD12A9002E9E8F /* XCRemoteSwiftPackageReference "NetworkHelperSPM" */;
			productName = NetworkHelper;
		};
/* End XCSwiftPackageProductDependency section */
	};
	rootObject = BE46EFC923CD1243002E9E8F /* Project object */;
}
